// !$*UTF8*$!
{
	archiveVersion = 1;
	classes = {
	};
	objectVersion = 50;
	objects = {

/* Begin PBXBuildFile section */
		5943AB9820C29202001810B0 /* AppDelegate.swift in Sources */ = {isa = PBXBuildFile; fileRef = 5943AB9720C29202001810B0 /* AppDelegate.swift */; };
		5943AB9A20C29202001810B0 /* ViewController.swift in Sources */ = {isa = PBXBuildFile; fileRef = 5943AB9920C29202001810B0 /* ViewController.swift */; };
		5943AB9D20C29202001810B0 /* Main.storyboard in Resources */ = {isa = PBXBuildFile; fileRef = 5943AB9B20C29202001810B0 /* Main.storyboard */; };
		5943AB9F20C29204001810B0 /* Assets.xcassets in Resources */ = {isa = PBXBuildFile; fileRef = 5943AB9E20C29204001810B0 /* Assets.xcassets */; };
		5943ABA220C29204001810B0 /* LaunchScreen.storyboard in Resources */ = {isa = PBXBuildFile; fileRef = 5943ABA020C29204001810B0 /* LaunchScreen.storyboard */; };
		D783E50A15B592E0AC5F53C8 /* Pods_StockDIsplay.framework in Frameworks */ = {isa = PBXBuildFile; fileRef = EEDF2EB6D24990F114B37226 /* Pods_StockDIsplay.framework */; };
/* End PBXBuildFile section */

/* Begin PBXFileReference section */
		5943AB9420C29202001810B0 /* StockDIsplay.app */ = {isa = PBXFileReference; explicitFileType = wrapper.application; includeInIndex = 0; path = StockDIsplay.app; sourceTree = BUILT_PRODUCTS_DIR; };
		5943AB9720C29202001810B0 /* AppDelegate.swift */ = {isa = PBXFileReference; lastKnownFileType = sourcecode.swift; path = AppDelegate.swift; sourceTree = "<group>"; };
		5943AB9920C29202001810B0 /* ViewController.swift */ = {isa = PBXFileReference; lastKnownFileType = sourcecode.swift; path = ViewController.swift; sourceTree = "<group>"; };
		5943AB9C20C29202001810B0 /* Base */ = {isa = PBXFileReference; lastKnownFileType = file.storyboard; name = Base; path = Base.lproj/Main.storyboard; sourceTree = "<group>"; };
		5943AB9E20C29204001810B0 /* Assets.xcassets */ = {isa = PBXFileReference; lastKnownFileType = folder.assetcatalog; path = Assets.xcassets; sourceTree = "<group>"; };
		5943ABA120C29204001810B0 /* Base */ = {isa = PBXFileReference; lastKnownFileType = file.storyboard; name = Base; path = Base.lproj/LaunchScreen.storyboard; sourceTree = "<group>"; };
		5943ABA320C29204001810B0 /* Info.plist */ = {isa = PBXFileReference; lastKnownFileType = text.plist.xml; path = Info.plist; sourceTree = "<group>"; };
		D1E8FDAC98E5E180C0E17E22 /* Pods-StockDIsplay.debug.xcconfig */ = {isa = PBXFileReference; includeInIndex = 1; lastKnownFileType = text.xcconfig; name = "Pods-StockDIsplay.debug.xcconfig"; path = "Pods/Target Support Files/Pods-StockDIsplay/Pods-StockDIsplay.debug.xcconfig"; sourceTree = "<group>"; };
		E129BD4C34F68EA27FBD4DDE /* Pods-StockDIsplay.release.xcconfig */ = {isa = PBXFileReference; includeInIndex = 1; lastKnownFileType = text.xcconfig; name = "Pods-StockDIsplay.release.xcconfig"; path = "Pods/Target Support Files/Pods-StockDIsplay/Pods-StockDIsplay.release.xcconfig"; sourceTree = "<group>"; };
		EEDF2EB6D24990F114B37226 /* Pods_StockDIsplay.framework */ = {isa = PBXFileReference; explicitFileType = wrapper.framework; includeInIndex = 0; path = Pods_StockDIsplay.framework; sourceTree = BUILT_PRODUCTS_DIR; };
/* End PBXFileReference section */

/* Begin PBXFrameworksBuildPhase section */
		5943AB9120C29202001810B0 /* Frameworks */ = {
			isa = PBXFrameworksBuildPhase;
			buildActionMask = 2147483647;
			files = (
				D783E50A15B592E0AC5F53C8 /* Pods_StockDIsplay.framework in Frameworks */,
			);
			runOnlyForDeploymentPostprocessing = 0;
		};
/* End PBXFrameworksBuildPhase section */

/* Begin PBXGroup section */
		5943AB8B20C29202001810B0 = {
			isa = PBXGroup;
			children = (
				5943AB9620C29202001810B0 /* StockDIsplay */,
				5943AB9520C29202001810B0 /* Products */,
				ACF0BEA4685C439B47AB07A8 /* Pods */,
				99577DA5FC3492A695DA88EC /* Frameworks */,
			);
			sourceTree = "<group>";
		};
		5943AB9520C29202001810B0 /* Products */ = {
			isa = PBXGroup;
			children = (
				5943AB9420C29202001810B0 /* StockDIsplay.app */,
			);
			name = Products;
			sourceTree = "<group>";
		};
		5943AB9620C29202001810B0 /* StockDIsplay */ = {
			isa = PBXGroup;
			children = (
				5943AB9720C29202001810B0 /* AppDelegate.swift */,
				5943AB9920C29202001810B0 /* ViewController.swift */,
				5943AB9B20C29202001810B0 /* Main.storyboard */,
				5943AB9E20C29204001810B0 /* Assets.xcassets */,
				5943ABA020C29204001810B0 /* LaunchScreen.storyboard */,
				5943ABA320C29204001810B0 /* Info.plist */,
			);
			path = StockDIsplay;
			sourceTree = "<group>";
		};
		99577DA5FC3492A695DA88EC /* Frameworks */ = {
			isa = PBXGroup;
			children = (
				EEDF2EB6D24990F114B37226 /* Pods_StockDIsplay.framework */,
			);
			name = Frameworks;
			sourceTree = "<group>";
		};
		ACF0BEA4685C439B47AB07A8 /* Pods */ = {
			isa = PBXGroup;
			children = (
				D1E8FDAC98E5E180C0E17E22 /* Pods-StockDIsplay.debug.xcconfig */,
				E129BD4C34F68EA27FBD4DDE /* Pods-StockDIsplay.release.xcconfig */,
			);
			name = Pods;
			sourceTree = "<group>";
		};
/* End PBXGroup section */

/* Begin PBXNativeTarget section */
		5943AB9320C29202001810B0 /* StockDIsplay */ = {
			isa = PBXNativeTarget;
			buildConfigurationList = 5943ABA620C29204001810B0 /* Build configuration list for PBXNativeTarget "StockDIsplay" */;
			buildPhases = (
				9A0DCE10339BE959B5A4DA64 /* [CP] Check Pods Manifest.lock */,
				5943AB9020C29202001810B0 /* Sources */,
				5943AB9120C29202001810B0 /* Frameworks */,
				5943AB9220C29202001810B0 /* Resources */,
				5ED51BB5740A5E1EA76E93E3 /* [CP] Embed Pods Frameworks */,
			);
			buildRules = (
			);
			dependencies = (
			);
			name = StockDIsplay;
			productName = StockDIsplay;
			productReference = 5943AB9420C29202001810B0 /* StockDIsplay.app */;
			productType = "com.apple.product-type.application";
		};
/* End PBXNativeTarget section */

/* Begin PBXProject section */
		5943AB8C20C29202001810B0 /* Project object */ = {
			isa = PBXProject;
			attributes = {
				LastSwiftUpdateCheck = 0930;
				LastUpgradeCheck = 0930;
				ORGANIZATIONNAME = KU;
				TargetAttributes = {
					5943AB9320C29202001810B0 = {
						CreatedOnToolsVersion = 9.3;
					};
				};
			};
			buildConfigurationList = 5943AB8F20C29202001810B0 /* Build configuration list for PBXProject "StockDIsplay" */;
			compatibilityVersion = "Xcode 9.3";
			developmentRegion = en;
			hasScannedForEncodings = 0;
			knownRegions = (
				en,
				Base,
			);
			mainGroup = 5943AB8B20C29202001810B0;
			productRefGroup = 5943AB9520C29202001810B0 /* Products */;
			projectDirPath = "";
			projectRoot = "";
			targets = (
				5943AB9320C29202001810B0 /* StockDIsplay */,
			);
		};
/* End PBXProject section */

/* Begin PBXResourcesBuildPhase section */
		5943AB9220C29202001810B0 /* Resources */ = {
			isa = PBXResourcesBuildPhase;
			buildActionMask = 2147483647;
			files = (
				5943ABA220C29204001810B0 /* LaunchScreen.storyboard in Resources */,
				5943AB9F20C29204001810B0 /* Assets.xcassets in Resources */,
				5943AB9D20C29202001810B0 /* Main.storyboard in Resources */,
			);
			runOnlyForDeploymentPostprocessing = 0;
		};
/* End PBXResourcesBuildPhase section */

/* Begin PBXShellScriptBuildPhase section */
		5ED51BB5740A5E1EA76E93E3 /* [CP] Embed Pods Frameworks */ = {
			isa = PBXShellScriptBuildPhase;
			buildActionMask = 2147483647;
			files = (
			);
			inputPaths = (
				"${SRCROOT}/Pods/Target Support Files/Pods-StockDIsplay/Pods-StockDIsplay-frameworks.sh",
				"${BUILT_PRODUCTS_DIR}/Charts/Charts.framework",
			);
			name = "[CP] Embed Pods Frameworks";
			outputPaths = (
				"${TARGET_BUILD_DIR}/${FRAMEWORKS_FOLDER_PATH}/Charts.framework",
			);
			runOnlyForDeploymentPostprocessing = 0;
			shellPath = /bin/sh;
			shellScript = "\"${SRCROOT}/Pods/Target Support Files/Pods-StockDIsplay/Pods-StockDIsplay-frameworks.sh\"\n";
			showEnvVarsInLog = 0;
		};
		9A0DCE10339BE959B5A4DA64 /* [CP] Check Pods Manifest.lock */ = {
			isa = PBXShellScriptBuildPhase;
			buildActionMask = 2147483647;
			files = (
			);
			inputPaths = (
				"${PODS_PODFILE_DIR_PATH}/Podfile.lock",
				"${PODS_ROOT}/Manifest.lock",
			);
			name = "[CP] Check Pods Manifest.lock";
			outputPaths = (
				"$(DERIVED_FILE_DIR)/Pods-StockDIsplay-checkManifestLockResult.txt",
			);
			runOnlyForDeploymentPostprocessing = 0;
			shellPath = /bin/sh;
			shellScript = "diff \"${PODS_PODFILE_DIR_PATH}/Podfile.lock\" \"${PODS_ROOT}/Manifest.lock\" > /dev/null\nif [ $? != 0 ] ; then\n    # print error to STDERR\n    echo \"error: The sandbox is not in sync with the Podfile.lock. Run 'pod install' or update your CocoaPods installation.\" >&2\n    exit 1\nfi\n# This output is used by Xcode 'outputs' to avoid re-running this script phase.\necho \"SUCCESS\" > \"${SCRIPT_OUTPUT_FILE_0}\"\n";
			showEnvVarsInLog = 0;
		};
/* End PBXShellScriptBuildPhase section */

/* Begin PBXSourcesBuildPhase section */
		5943AB9020C29202001810B0 /* Sources */ = {
			isa = PBXSourcesBuildPhase;
			buildActionMask = 2147483647;
			files = (
				5943AB9A20C29202001810B0 /* ViewController.swift in Sources */,
				5943AB9820C29202001810B0 /* AppDelegate.swift in Sources */,
			);
			runOnlyForDeploymentPostprocessing = 0;
		};
/* End PBXSourcesBuildPhase section */

/* Begin PBXVariantGroup section */
		5943AB9B20C29202001810B0 /* Main.storyboard */ = {
			isa = PBXVariantGroup;
			children = (
				5943AB9C20C29202001810B0 /* Base */,
			);
			name = Main.storyboard;
			sourceTree = "<group>";
		};
		5943ABA020C29204001810B0 /* LaunchScreen.storyboard */ = {
			isa = PBXVariantGroup;
			children = (
				5943ABA120C29204001810B0 /* Base */,
			);
			name = LaunchScreen.storyboard;
			sourceTree = "<group>";
		};
/* End PBXVariantGroup section */

/* Begin XCBuildConfiguration section */
		5943ABA420C29204001810B0 /* Debug */ = {
			isa = XCBuildConfiguration;
			buildSettings = {
				ALWAYS_SEARCH_USER_PATHS = NO;
				CLANG_ANALYZER_NONNULL = YES;
				CLANG_ANALYZER_NUMBER_OBJECT_CONVERSION = YES_AGGRESSIVE;
				CLANG_CXX_LANGUAGE_STANDARD = "gnu++14";
				CLANG_CXX_LIBRARY = "libc++";
				CLANG_ENABLE_MODULES = YES;
				CLANG_ENABLE_OBJC_ARC = YES;
				CLANG_ENABLE_OBJC_WEAK = YES;
				CLANG_WARN_BLOCK_CAPTURE_AUTORELEASING = YES;
				CLANG_WARN_BOOL_CONVERSION = YES;
				CLANG_WARN_COMMA = YES;
				CLANG_WARN_CONSTANT_CONVERSION = YES;
				CLANG_WARN_DEPRECATED_OBJC_IMPLEMENTATIONS = YES;
				CLANG_WARN_DIRECT_OBJC_ISA_USAGE = YES_ERROR;
				CLANG_WARN_DOCUMENTATION_COMMENTS = YES;
				CLANG_WARN_EMPTY_BODY = YES;
				CLANG_WARN_ENUM_CONVERSION = YES;
				CLANG_WARN_INFINITE_RECURSION = YES;
				CLANG_WARN_INT_CONVERSION = YES;
				CLANG_WARN_NON_LITERAL_NULL_CONVERSION = YES;
				CLANG_WARN_OBJC_IMPLICIT_RETAIN_SELF = YES;
				CLANG_WARN_OBJC_LITERAL_CONVERSION = YES;
				CLANG_WARN_OBJC_ROOT_CLASS = YES_ERROR;
				CLANG_WARN_RANGE_LOOP_ANALYSIS = YES;
				CLANG_WARN_STRICT_PROTOTYPES = YES;
				CLANG_WARN_SUSPICIOUS_MOVE = YES;
				CLANG_WARN_UNGUARDED_AVAILABILITY = YES_AGGRESSIVE;
				CLANG_WARN_UNREACHABLE_CODE = YES;
				CLANG_WARN__DUPLICATE_METHOD_MATCH = YES;
				CODE_SIGN_IDENTITY = "iPhone Developer";
				COPY_PHASE_STRIP = NO;
				DEBUG_INFORMATION_FORMAT = dwarf;
				ENABLE_STRICT_OBJC_MSGSEND = YES;
				ENABLE_TESTABILITY = YES;
				GCC_C_LANGUAGE_STANDARD = gnu11;
				GCC_DYNAMIC_NO_PIC = NO;
				GCC_NO_COMMON_BLOCKS = YES;
				GCC_OPTIMIZATION_LEVEL = 0;
				GCC_PREPROCESSOR_DEFINITIONS = (
					"DEBUG=1",
					"$(inherited)",
				);
				GCC_WARN_64_TO_32_BIT_CONVERSION = YES;
				GCC_WARN_ABOUT_RETURN_TYPE = YES_ERROR;
				GCC_WARN_UNDECLARED_SELECTOR = YES;
				GCC_WARN_UNINITIALIZED_AUTOS = YES_AGGRESSIVE;
				GCC_WARN_UNUSED_FUNCTION = YES;
				GCC_WARN_UNUSED_VARIABLE = YES;
				IPHONEOS_DEPLOYMENT_TARGET = 11.3;
				MTL_ENABLE_DEBUG_INFO = YES;
				ONLY_ACTIVE_ARCH = YES;
				SDKROOT = iphoneos;
				SWIFT_ACTIVE_COMPILATION_CONDITIONS = DEBUG;
				SWIFT_OPTIMIZATION_LEVEL = "-Onone";
			};
			name = Debug;
		};
		5943ABA520C29204001810B0 /* Release */ = {
			isa = XCBuildConfiguration;
			buildSettings = {
				ALWAYS_SEARCH_USER_PATHS = NO;
				CLANG_ANALYZER_NONNULL = YES;
				CLANG_ANALYZER_NUMBER_OBJECT_CONVERSION = YES_AGGRESSIVE;
				CLANG_CXX_LANGUAGE_STANDARD = "gnu++14";
				CLANG_CXX_LIBRARY = "libc++";
				CLANG_ENABLE_MODULES = YES;
				CLANG_ENABLE_OBJC_ARC = YES;
				CLANG_ENABLE_OBJC_WEAK = YES;
				CLANG_WARN_BLOCK_CAPTURE_AUTORELEASING = YES;
				CLANG_WARN_BOOL_CONVERSION = YES;
				CLANG_WARN_COMMA = YES;
				CLANG_WARN_CONSTANT_CONVERSION = YES;
				CLANG_WARN_DEPRECATED_OBJC_IMPLEMENTATIONS = YES;
				CLANG_WARN_DIRECT_OBJC_ISA_USAGE = YES_ERROR;
				CLANG_WARN_DOCUMENTATION_COMMENTS = YES;
				CLANG_WARN_EMPTY_BODY = YES;
				CLANG_WARN_ENUM_CONVERSION = YES;
				CLANG_WARN_INFINITE_RECURSION = YES;
				CLANG_WARN_INT_CONVERSION = YES;
				CLANG_WARN_NON_LITERAL_NULL_CONVERSION = YES;
				CLANG_WARN_OBJC_IMPLICIT_RETAIN_SELF = YES;
				CLANG_WARN_OBJC_LITERAL_CONVERSION = YES;
				CLANG_WARN_OBJC_ROOT_CLASS = YES_ERROR;
				CLANG_WARN_RANGE_LOOP_ANALYSIS = YES;
				CLANG_WARN_STRICT_PROTOTYPES = YES;
				CLANG_WARN_SUSPICIOUS_MOVE = YES;
				CLANG_WARN_UNGUARDED_AVAILABILITY = YES_AGGRESSIVE;
				CLANG_WARN_UNREACHABLE_CODE = YES;
				CLANG_WARN__DUPLICATE_METHOD_MATCH = YES;
				CODE_SIGN_IDENTITY = "iPhone Developer";
				COPY_PHASE_STRIP = NO;
				DEBUG_INFORMATION_FORMAT = "dwarf-with-dsym";
				ENABLE_NS_ASSERTIONS = NO;
				ENABLE_STRICT_OBJC_MSGSEND = YES;
				GCC_C_LANGUAGE_STANDARD = gnu11;
				GCC_NO_COMMON_BLOCKS = YES;
				GCC_WARN_64_TO_32_BIT_CONVERSION = YES;
				GCC_WARN_ABOUT_RETURN_TYPE = YES_ERROR;
				GCC_WARN_UNDECLARED_SELECTOR = YES;
				GCC_WARN_UNINITIALIZED_AUTOS = YES_AGGRESSIVE;
				GCC_WARN_UNUSED_FUNCTION = YES;
				GCC_WARN_UNUSED_VARIABLE = YES;
				IPHONEOS_DEPLOYMENT_TARGET = 11.3;
				MTL_ENABLE_DEBUG_INFO = NO;
				SDKROOT = iphoneos;
				SWIFT_COMPILATION_MODE = wholemodule;
				SWIFT_OPTIMIZATION_LEVEL = "-O";
				VALIDATE_PRODUCT = YES;
			};
			name = Release;
		};
		5943ABA720C29204001810B0 /* Debug */ = {
			isa = XCBuildConfiguration;
			baseConfigurationReference = D1E8FDAC98E5E180C0E17E22 /* Pods-StockDIsplay.debug.xcconfig */;
			buildSettings = {
				ASSETCATALOG_COMPILER_APPICON_NAME = AppIcon;
				CODE_SIGN_STYLE = Automatic;
				INFOPLIST_FILE = StockDIsplay/Info.plist;
				LD_RUNPATH_SEARCH_PATHS = "$(inherited) @executable_path/Frameworks";
				PRODUCT_BUNDLE_IDENTIFIER = com.Kuramba.StockDIsplay;
				PRODUCT_NAME = "$(TARGET_NAME)";
				SWIFT_VERSION = 4.0;
				TARGETED_DEVICE_FAMILY = "1,2";
			};
			name = Debug;
		};
		5943ABA820C29204001810B0 /* Release */ = {
			isa = XCBuildConfiguration;
			baseConfigurationReference = E129BD4C34F68EA27FBD4DDE /* Pods-StockDIsplay.release.xcconfig */;
			buildSettings = {
				ASSETCATALOG_COMPILER_APPICON_NAME = AppIcon;
				CODE_SIGN_STYLE = Automatic;
				INFOPLIST_FILE = StockDIsplay/Info.plist;
				LD_RUNPATH_SEARCH_PATHS = "$(inherited) @executable_path/Frameworks";
				PRODUCT_BUNDLE_IDENTIFIER = com.Kuramba.StockDIsplay;
				PRODUCT_NAME = "$(TARGET_NAME)";
				SWIFT_VERSION = 4.0;
				TARGETED_DEVICE_FAMILY = "1,2";
			};
			name = Release;
		};
/* End XCBuildConfiguration section */

/* Begin XCConfigurationList section */
		5943AB8F20C29202001810B0 /* Build configuration list for PBXProject "StockDIsplay" */ = {
			isa = XCConfigurationList;
			buildConfigurations = (
				5943ABA420C29204001810B0 /* Debug */,
				5943ABA520C29204001810B0 /* Release */,
			);
			defaultConfigurationIsVisible = 0;
			defaultConfigurationName = Release;
		};
		5943ABA620C29204001810B0 /* Build configuration list for PBXNativeTarget "StockDIsplay" */ = {
			isa = XCConfigurationList;
			buildConfigurations = (
				5943ABA720C29204001810B0 /* Debug */,
				5943ABA820C29204001810B0 /* Release */,
			);
			defaultConfigurationIsVisible = 0;
			defaultConfigurationName = Release;
		};
/* End XCConfigurationList section */
	};
	rootObject = 5943AB8C20C29202001810B0 /* Project object */;
}
